
Microsoft Visual Studio Solution File, Format Version 12.00
# Visual Studio Version 17
VisualStudioVersion = 17.4.33213.308
MinimumVisualStudioVersion = 10.0.40219.1
Project("{FAE04EC0-301F-11D3-BF4B-00C04F79EFBC}") = "quiz", "quiz.csproj", "{E97C8664-34E8-4007-9FED-89EB28C6753A}"
EndProject
Global
	GlobalSection(SolutionConfigurationPlatforms) = preSolution
		Debug|Any CPU = Debug|Any CPU
		DebugServerProdData|Any CPU = DebugServerProdData|Any CPU
		ReleaseProdDataProdServer|Any CPU = ReleaseProdDataProdServer|Any CPU
		ReleaseStageDataStageServer|Any CPU = ReleaseStageDataStageServer|Any CPU
	EndGlobalSection
	GlobalSection(ProjectConfigurationPlatforms) = postSolution
		{E97C8664-34E8-4007-9FED-89EB28C6753A}.Debug|Any CPU.ActiveCfg = Debug|Any CPU
		{E97C8664-34E8-4007-9FED-89EB28C6753A}.Debug|Any CPU.Build.0 = Debug|Any CPU
		{E97C8664-34E8-4007-9FED-89EB28C6753A}.DebugServerProdData|Any CPU.ActiveCfg = DebugServerProdData|Any CPU
		{E97C8664-34E8-4007-9FED-89EB28C6753A}.DebugServerProdData|Any CPU.Build.0 = DebugServerProdData|Any CPU
		{E97C8664-34E8-4007-9FED-89EB28C6753A}.ReleaseProdDataProdServer|Any CPU.ActiveCfg = ReleaseProdDataProdServer|Any CPU
		{E97C8664-34E8-4007-9FED-89EB28C6753A}.ReleaseProdDataProdServer|Any CPU.Build.0 = ReleaseProdDataProdServer|Any CPU
		{E97C8664-34E8-4007-9FED-89EB28C6753A}.ReleaseStageDataStageServer|Any CPU.ActiveCfg = ReleaseStageDataStageServer|Any CPU
		{E97C8664-34E8-4007-9FED-89EB28C6753A}.ReleaseStageDataStageServer|Any CPU.Build.0 = ReleaseStageDataStageServer|Any CPU
	EndGlobalSection
	GlobalSection(SolutionProperties) = preSolution
		HideSolutionNode = FALSE
	EndGlobalSection
	GlobalSection(ExtensibilityGlobals) = postSolution
		SolutionGuid = {873BBB1D-0E5D-4BF0-9D5B-A84A1E0A5C4B}
	EndGlobalSection
EndGlobal
